// !$*UTF8*$!
{
	archiveVersion = 1;
	classes = {
	};
	objectVersion = 50;
	objects = {

/* Begin PBXBuildFile section */
		3E5C9E82218CA5EB0036315C /* Main.storyboard in Resources */ = {isa = PBXBuildFile; fileRef = 3E5C9E80218CA5EB0036315C /* Main.storyboard */; };
		3E5C9E85218CA5EB0036315C /* main.m in Sources */ = {isa = PBXBuildFile; fileRef = 3E5C9E84218CA5EB0036315C /* main.m */; };
		3E5C9E88218CA5EB0036315C /* AppDelegate.m in Sources */ = {isa = PBXBuildFile; fileRef = 3E5C9E87218CA5EB0036315C /* AppDelegate.m */; };
		3E5C9E8A218CA5EC0036315C /* Assets.xcassets in Resources */ = {isa = PBXBuildFile; fileRef = 3E5C9E89218CA5EC0036315C /* Assets.xcassets */; };
		3E5C9E8D218CA5EC0036315C /* LaunchScreen.storyboard in Resources */ = {isa = PBXBuildFile; fileRef = 3E5C9E8B218CA5EC0036315C /* LaunchScreen.storyboard */; };
		3E5C9E96218CB0C40036315C /* OHWeather.m in Sources */ = {isa = PBXBuildFile; fileRef = 3E5C9E95218CB0C40036315C /* OHWeather.m */; };
		3E5C9E99218CC1B00036315C /* OHWeatherController.m in Sources */ = {isa = PBXBuildFile; fileRef = 3E5C9E98218CC1B00036315C /* OHWeatherController.m */; };
/* End PBXBuildFile section */

/* Begin PBXFileReference section */
		3E5C9E72218CA5EB0036315C /* DripDrop-ObjC.app */ = {isa = PBXFileReference; explicitFileType = wrapper.application; includeInIndex = 0; path = "DripDrop-ObjC.app"; sourceTree = BUILT_PRODUCTS_DIR; };
		3E5C9E81218CA5EB0036315C /* Base */ = {isa = PBXFileReference; lastKnownFileType = file.storyboard; name = Base; path = Base.lproj/Main.storyboard; sourceTree = "<group>"; };
		3E5C9E84218CA5EB0036315C /* main.m */ = {isa = PBXFileReference; lastKnownFileType = sourcecode.c.objc; path = main.m; sourceTree = "<group>"; };
		3E5C9E86218CA5EB0036315C /* AppDelegate.h */ = {isa = PBXFileReference; lastKnownFileType = sourcecode.c.h; path = AppDelegate.h; sourceTree = "<group>"; };
		3E5C9E87218CA5EB0036315C /* AppDelegate.m */ = {isa = PBXFileReference; lastKnownFileType = sourcecode.c.objc; path = AppDelegate.m; sourceTree = "<group>"; };
		3E5C9E89218CA5EC0036315C /* Assets.xcassets */ = {isa = PBXFileReference; lastKnownFileType = folder.assetcatalog; path = Assets.xcassets; sourceTree = "<group>"; };
		3E5C9E8C218CA5EC0036315C /* Base */ = {isa = PBXFileReference; lastKnownFileType = file.storyboard; name = Base; path = Base.lproj/LaunchScreen.storyboard; sourceTree = "<group>"; };
		3E5C9E8E218CA5EC0036315C /* Info.plist */ = {isa = PBXFileReference; lastKnownFileType = text.plist.xml; path = Info.plist; sourceTree = "<group>"; };
		3E5C9E94218CB0C40036315C /* OHWeather.h */ = {isa = PBXFileReference; lastKnownFileType = sourcecode.c.h; path = OHWeather.h; sourceTree = "<group>"; };
		3E5C9E95218CB0C40036315C /* OHWeather.m */ = {isa = PBXFileReference; lastKnownFileType = sourcecode.c.objc; path = OHWeather.m; sourceTree = "<group>"; };
		3E5C9E97218CC1B00036315C /* OHWeatherController.h */ = {isa = PBXFileReference; lastKnownFileType = sourcecode.c.h; path = OHWeatherController.h; sourceTree = "<group>"; };
		3E5C9E98218CC1B00036315C /* OHWeatherController.m */ = {isa = PBXFileReference; lastKnownFileType = sourcecode.c.objc; path = OHWeatherController.m; sourceTree = "<group>"; };
/* End PBXFileReference section */

/* Begin PBXFrameworksBuildPhase section */
		3E5C9E6F218CA5EB0036315C /* Frameworks */ = {
			isa = PBXFrameworksBuildPhase;
			buildActionMask = 2147483647;
			files = (
			);
			runOnlyForDeploymentPostprocessing = 0;
		};
/* End PBXFrameworksBuildPhase section */

/* Begin PBXGroup section */
		3E5C9E69218CA5EB0036315C = {
			isa = PBXGroup;
			children = (
				3E5C9E74218CA5EB0036315C /* DripDrop-ObjC */,
				3E5C9E73218CA5EB0036315C /* Products */,
			);
			sourceTree = "<group>";
		};
		3E5C9E73218CA5EB0036315C /* Products */ = {
			isa = PBXGroup;
			children = (
				3E5C9E72218CA5EB0036315C /* DripDrop-ObjC.app */,
			);
			name = Products;
			sourceTree = "<group>";
		};
		3E5C9E74218CA5EB0036315C /* DripDrop-ObjC */ = {
			isa = PBXGroup;
			children = (
				3E5C9E75218CA5EB0036315C /* Models */,
				3E5C9E78218CA5EB0036315C /* Controllers */,
				3E5C9E7F218CA5EB0036315C /* Views */,
				3E5C9E83218CA5EB0036315C /* Resources */,
			);
			path = "DripDrop-ObjC";
			sourceTree = "<group>";
		};
		3E5C9E75218CA5EB0036315C /* Models */ = {
			isa = PBXGroup;
			children = (
				3E5C9E94218CB0C40036315C /* OHWeather.h */,
				3E5C9E95218CB0C40036315C /* OHWeather.m */,
			);
			name = Models;
			sourceTree = "<group>";
		};
		3E5C9E78218CA5EB0036315C /* Controllers */ = {
			isa = PBXGroup;
			children = (
				3E5C9E79218CA5EB0036315C /* Model Controllers */,
				3E5C9E7C218CA5EB0036315C /* View Controllers */,
			);
			name = Controllers;
			sourceTree = "<group>";
		};
		3E5C9E79218CA5EB0036315C /* Model Controllers */ = {
			isa = PBXGroup;
			children = (
				3E5C9E97218CC1B00036315C /* OHWeatherController.h */,
				3E5C9E98218CC1B00036315C /* OHWeatherController.m */,
			);
			name = "Model Controllers";
			sourceTree = "<group>";
		};
		3E5C9E7C218CA5EB0036315C /* View Controllers */ = {
			isa = PBXGroup;
			children = (
			);
			name = "View Controllers";
			sourceTree = "<group>";
		};
		3E5C9E7F218CA5EB0036315C /* Views */ = {
			isa = PBXGroup;
			children = (
				3E5C9E8B218CA5EC0036315C /* LaunchScreen.storyboard */,
				3E5C9E80218CA5EB0036315C /* Main.storyboard */,
			);
			name = Views;
			sourceTree = "<group>";
		};
		3E5C9E83218CA5EB0036315C /* Resources */ = {
			isa = PBXGroup;
			children = (
				3E5C9E89218CA5EC0036315C /* Assets.xcassets */,
				3E5C9E8E218CA5EC0036315C /* Info.plist */,
				3E5C9E84218CA5EB0036315C /* main.m */,
				3E5C9E86218CA5EB0036315C /* AppDelegate.h */,
				3E5C9E87218CA5EB0036315C /* AppDelegate.m */,
			);
			name = Resources;
			sourceTree = "<group>";
		};
/* End PBXGroup section */

/* Begin PBXNativeTarget section */
		3E5C9E71218CA5EB0036315C /* DripDrop-ObjC */ = {
			isa = PBXNativeTarget;
			buildConfigurationList = 3E5C9E91218CA5EC0036315C /* Build configuration list for PBXNativeTarget "DripDrop-ObjC" */;
			buildPhases = (
				3E5C9E6E218CA5EB0036315C /* Sources */,
				3E5C9E6F218CA5EB0036315C /* Frameworks */,
				3E5C9E70218CA5EB0036315C /* Resources */,
			);
			buildRules = (
			);
			dependencies = (
			);
			name = "DripDrop-ObjC";
			productName = "DripDrop-ObjC";
			productReference = 3E5C9E72218CA5EB0036315C /* DripDrop-ObjC.app */;
			productType = "com.apple.product-type.application";
		};
/* End PBXNativeTarget section */

/* Begin PBXProject section */
		3E5C9E6A218CA5EB0036315C /* Project object */ = {
			isa = PBXProject;
			attributes = {
				CLASSPREFIX = OH;
				LastUpgradeCheck = 1010;
				ORGANIZATIONNAME = "Owen Henley";
				TargetAttributes = {
					3E5C9E71218CA5EB0036315C = {
						CreatedOnToolsVersion = 10.1;
					};
				};
			};
			buildConfigurationList = 3E5C9E6D218CA5EB0036315C /* Build configuration list for PBXProject "DripDrop-ObjC" */;
			compatibilityVersion = "Xcode 9.3";
			developmentRegion = en;
			hasScannedForEncodings = 0;
			knownRegions = (
				en,
				Base,
			);
			mainGroup = 3E5C9E69218CA5EB0036315C;
			productRefGroup = 3E5C9E73218CA5EB0036315C /* Products */;
			projectDirPath = "";
			projectRoot = "";
			targets = (
				3E5C9E71218CA5EB0036315C /* DripDrop-ObjC */,
			);
		};
/* End PBXProject section */

/* Begin PBXResourcesBuildPhase section */
		3E5C9E70218CA5EB0036315C /* Resources */ = {
			isa = PBXResourcesBuildPhase;
			buildActionMask = 2147483647;
			files = (
				3E5C9E8D218CA5EC0036315C /* LaunchScreen.storyboard in Resources */,
				3E5C9E82218CA5EB0036315C /* Main.storyboard in Resources */,
				3E5C9E8A218CA5EC0036315C /* Assets.xcassets in Resources */,
			);
			runOnlyForDeploymentPostprocessing = 0;
		};
/* End PBXResourcesBuildPhase section */

/* Begin PBXSourcesBuildPhase section */
		3E5C9E6E218CA5EB0036315C /* Sources */ = {
			isa = PBXSourcesBuildPhase;
			buildActionMask = 2147483647;
			files = (
				3E5C9E96218CB0C40036315C /* OHWeather.m in Sources */,
				3E5C9E88218CA5EB0036315C /* AppDelegate.m in Sources */,
				3E5C9E85218CA5EB0036315C /* main.m in Sources */,
				3E5C9E99218CC1B00036315C /* OHWeatherController.m in Sources */,
			);
			runOnlyForDeploymentPostprocessing = 0;
		};
/* End PBXSourcesBuildPhase section */

/* Begin PBXVariantGroup section */
		3E5C9E80218CA5EB0036315C /* Main.storyboard */ = {
			isa = PBXVariantGroup;
			children = (
				3E5C9E81218CA5EB0036315C /* Base */,
			);
			name = Main.storyboard;
			sourceTree = "<group>";
		};
		3E5C9E8B218CA5EC0036315C /* LaunchScreen.storyboard */ = {
			isa = PBXVariantGroup;
			children = (
				3E5C9E8C218CA5EC0036315C /* Base */,
			);
			name = LaunchScreen.storyboard;
			sourceTree = "<group>";
		};
/* End PBXVariantGroup section */

/* Begin XCBuildConfiguration section */
		3E5C9E8F218CA5EC0036315C /* Debug */ = {
			isa = XCBuildConfiguration;
			buildSettings = {
				ALWAYS_SEARCH_USER_PATHS = NO;
				CLANG_ANALYZER_NONNULL = YES;
				CLANG_ANALYZER_NUMBER_OBJECT_CONVERSION = YES_AGGRESSIVE;
				CLANG_CXX_LANGUAGE_STANDARD = "gnu++14";
				CLANG_CXX_LIBRARY = "libc++";
				CLANG_ENABLE_MODULES = YES;
				CLANG_ENABLE_OBJC_ARC = YES;
				CLANG_ENABLE_OBJC_WEAK = YES;
				CLANG_WARN_BLOCK_CAPTURE_AUTORELEASING = YES;
				CLANG_WARN_BOOL_CONVERSION = YES;
				CLANG_WARN_COMMA = YES;
				CLANG_WARN_CONSTANT_CONVERSION = YES;
				CLANG_WARN_DEPRECATED_OBJC_IMPLEMENTATIONS = YES;
				CLANG_WARN_DIRECT_OBJC_ISA_USAGE = YES_ERROR;
				CLANG_WARN_DOCUMENTATION_COMMENTS = YES;
				CLANG_WARN_EMPTY_BODY = YES;
				CLANG_WARN_ENUM_CONVERSION = YES;
				CLANG_WARN_INFINITE_RECURSION = YES;
				CLANG_WARN_INT_CONVERSION = YES;
				CLANG_WARN_NON_LITERAL_NULL_CONVERSION = YES;
				CLANG_WARN_OBJC_IMPLICIT_RETAIN_SELF = YES;
				CLANG_WARN_OBJC_LITERAL_CONVERSION = YES;
				CLANG_WARN_OBJC_ROOT_CLASS = YES_ERROR;
				CLANG_WARN_RANGE_LOOP_ANALYSIS = YES;
				CLANG_WARN_STRICT_PROTOTYPES = YES;
				CLANG_WARN_SUSPICIOUS_MOVE = YES;
				CLANG_WARN_UNGUARDED_AVAILABILITY = YES_AGGRESSIVE;
				CLANG_WARN_UNREACHABLE_CODE = YES;
				CLANG_WARN__DUPLICATE_METHOD_MATCH = YES;
				CODE_SIGN_IDENTITY = "iPhone Developer";
				COPY_PHASE_STRIP = NO;
				DEBUG_INFORMATION_FORMAT = dwarf;
				ENABLE_STRICT_OBJC_MSGSEND = YES;
				ENABLE_TESTABILITY = YES;
				GCC_C_LANGUAGE_STANDARD = gnu11;
				GCC_DYNAMIC_NO_PIC = NO;
				GCC_NO_COMMON_BLOCKS = YES;
				GCC_OPTIMIZATION_LEVEL = 0;
				GCC_PREPROCESSOR_DEFINITIONS = (
					"DEBUG=1",
					"$(inherited)",
				);
				GCC_WARN_64_TO_32_BIT_CONVERSION = YES;
				GCC_WARN_ABOUT_RETURN_TYPE = YES_ERROR;
				GCC_WARN_UNDECLARED_SELECTOR = YES;
				GCC_WARN_UNINITIALIZED_AUTOS = YES_AGGRESSIVE;
				GCC_WARN_UNUSED_FUNCTION = YES;
				GCC_WARN_UNUSED_VARIABLE = YES;
				IPHONEOS_DEPLOYMENT_TARGET = 12.1;
				MTL_ENABLE_DEBUG_INFO = INCLUDE_SOURCE;
				MTL_FAST_MATH = YES;
				ONLY_ACTIVE_ARCH = YES;
				SDKROOT = iphoneos;
			};
			name = Debug;
		};
		3E5C9E90218CA5EC0036315C /* Release */ = {
			isa = XCBuildConfiguration;
			buildSettings = {
				ALWAYS_SEARCH_USER_PATHS = NO;
				CLANG_ANALYZER_NONNULL = YES;
				CLANG_ANALYZER_NUMBER_OBJECT_CONVERSION = YES_AGGRESSIVE;
				CLANG_CXX_LANGUAGE_STANDARD = "gnu++14";
				CLANG_CXX_LIBRARY = "libc++";
				CLANG_ENABLE_MODULES = YES;
				CLANG_ENABLE_OBJC_ARC = YES;
				CLANG_ENABLE_OBJC_WEAK = YES;
				CLANG_WARN_BLOCK_CAPTURE_AUTORELEASING = YES;
				CLANG_WARN_BOOL_CONVERSION = YES;
				CLANG_WARN_COMMA = YES;
				CLANG_WARN_CONSTANT_CONVERSION = YES;
				CLANG_WARN_DEPRECATED_OBJC_IMPLEMENTATIONS = YES;
				CLANG_WARN_DIRECT_OBJC_ISA_USAGE = YES_ERROR;
				CLANG_WARN_DOCUMENTATION_COMMENTS = YES;
				CLANG_WARN_EMPTY_BODY = YES;
				CLANG_WARN_ENUM_CONVERSION = YES;
				CLANG_WARN_INFINITE_RECURSION = YES;
				CLANG_WARN_INT_CONVERSION = YES;
				CLANG_WARN_NON_LITERAL_NULL_CONVERSION = YES;
				CLANG_WARN_OBJC_IMPLICIT_RETAIN_SELF = YES;
				CLANG_WARN_OBJC_LITERAL_CONVERSION = YES;
				CLANG_WARN_OBJC_ROOT_CLASS = YES_ERROR;
				CLANG_WARN_RANGE_LOOP_ANALYSIS = YES;
				CLANG_WARN_STRICT_PROTOTYPES = YES;
				CLANG_WARN_SUSPICIOUS_MOVE = YES;
				CLANG_WARN_UNGUARDED_AVAILABILITY = YES_AGGRESSIVE;
				CLANG_WARN_UNREACHABLE_CODE = YES;
				CLANG_WARN__DUPLICATE_METHOD_MATCH = YES;
				CODE_SIGN_IDENTITY = "iPhone Developer";
				COPY_PHASE_STRIP = NO;
				DEBUG_INFORMATION_FORMAT = "dwarf-with-dsym";
				ENABLE_NS_ASSERTIONS = NO;
				ENABLE_STRICT_OBJC_MSGSEND = YES;
				GCC_C_LANGUAGE_STANDARD = gnu11;
				GCC_NO_COMMON_BLOCKS = YES;
				GCC_WARN_64_TO_32_BIT_CONVERSION = YES;
				GCC_WARN_ABOUT_RETURN_TYPE = YES_ERROR;
				GCC_WARN_UNDECLARED_SELECTOR = YES;
				GCC_WARN_UNINITIALIZED_AUTOS = YES_AGGRESSIVE;
				GCC_WARN_UNUSED_FUNCTION = YES;
				GCC_WARN_UNUSED_VARIABLE = YES;
				IPHONEOS_DEPLOYMENT_TARGET = 12.1;
				MTL_ENABLE_DEBUG_INFO = NO;
				MTL_FAST_MATH = YES;
				SDKROOT = iphoneos;
				VALIDATE_PRODUCT = YES;
			};
			name = Release;
		};
		3E5C9E92218CA5EC0036315C /* Debug */ = {
			isa = XCBuildConfiguration;
			buildSettings = {
				ASSETCATALOG_COMPILER_APPICON_NAME = AppIcon;
				CODE_SIGN_STYLE = Automatic;
				DEVELOPMENT_TEAM = CYZA2EE6W8;
				INFOPLIST_FILE = "DripDrop-ObjC/Info.plist";
				IPHONEOS_DEPLOYMENT_TARGET = 12.0;
				LD_RUNPATH_SEARCH_PATHS = (
					"$(inherited)",
					"@executable_path/Frameworks",
				);
				PRODUCT_BUNDLE_IDENTIFIER = "io.owenhenley.DripDrop-ObjC";
				PRODUCT_NAME = "$(TARGET_NAME)";
				TARGETED_DEVICE_FAMILY = "1,2";
			};
			name = Debug;
		};
		3E5C9E93218CA5EC0036315C /* Release */ = {
			isa = XCBuildConfiguration;
			buildSettings = {
				ASSETCATALOG_COMPILER_APPICON_NAME = AppIcon;
				CODE_SIGN_STYLE = Automatic;
				DEVELOPMENT_TEAM = CYZA2EE6W8;
				INFOPLIST_FILE = "DripDrop-ObjC/Info.plist";
				IPHONEOS_DEPLOYMENT_TARGET = 12.0;
				LD_RUNPATH_SEARCH_PATHS = (
					"$(inherited)",
					"@executable_path/Frameworks",
				);
				PRODUCT_BUNDLE_IDENTIFIER = "io.owenhenley.DripDrop-ObjC";
				PRODUCT_NAME = "$(TARGET_NAME)";
				TARGETED_DEVICE_FAMILY = "1,2";
			};
			name = Release;
		};
/* End XCBuildConfiguration section */

/* Begin XCConfigurationList section */
		3E5C9E6D218CA5EB0036315C /* Build configuration list for PBXProject "DripDrop-ObjC" */ = {
			isa = XCConfigurationList;
			buildConfigurations = (
				3E5C9E8F218CA5EC0036315C /* Debug */,
				3E5C9E90218CA5EC0036315C /* Release */,
			);
			defaultConfigurationIsVisible = 0;
			defaultConfigurationName = Release;
		};
		3E5C9E91218CA5EC0036315C /* Build configuration list for PBXNativeTarget "DripDrop-ObjC" */ = {
			isa = XCConfigurationList;
			buildConfigurations = (
				3E5C9E92218CA5EC0036315C /* Debug */,
				3E5C9E93218CA5EC0036315C /* Release */,
			);
			defaultConfigurationIsVisible = 0;
			defaultConfigurationName = Release;
		};
/* End XCConfigurationList section */
	};
	rootObject = 3E5C9E6A218CA5EB0036315C /* Project object */;
}
